{
  "requires": true,
  "lockfileVersion": 1,
  "dependencies": {
    "@grisha9154/cwp-21-1": {
      "version": "0.0.1",
      "resolved": "https://registry.npmjs.org/@grisha9154/cwp-21-1/-/cwp-21-1-0.0.1.tgz",
      "integrity": "sha512-nc9SGt+6QRQtSgvsHIKHyfrUUXepIvSGHEQykfsyEjmzkTaKAQqTGL6ffBz0UUePwbb8UoN2Lg7IYpqySJ3Bdw=="
    }
  }
}
